// !$*UTF8*$!
{
	archiveVersion = 1;
	classes = {
	};
	objectVersion = 46;
	objects = {

/* Begin PBXBuildFile section */
		02306CB01ABFA2DC00C3FD5A /* AppKit.framework in Frameworks */ = {isa = PBXBuildFile; fileRef = 02306CAF1ABFA2DC00C3FD5A /* AppKit.framework */; };
		02306CB21ABFA2DC00C3FD5A /* Foundation.framework in Frameworks */ = {isa = PBXBuildFile; fileRef = 02306CB11ABFA2DC00C3FD5A /* Foundation.framework */; };
		02306CB71ABFA2DC00C3FD5A /* JumpMarks.xcscheme in Resources */ = {isa = PBXBuildFile; fileRef = 02306CB61ABFA2DC00C3FD5A /* JumpMarks.xcscheme */; };
		02306CBA1ABFA2DC00C3FD5A /* JumpMarks.m in Sources */ = {isa = PBXBuildFile; fileRef = 02306CB91ABFA2DC00C3FD5A /* JumpMarks.m */; };
		02A6527F1ABFB387001F44D7 /* JumpMarksTest.m in Sources */ = {isa = PBXBuildFile; fileRef = 02A6527E1ABFB387001F44D7 /* JumpMarksTest.m */; };
		02A652851ABFB43F001F44D7 /* DVTFoundation.framework in Frameworks */ = {isa = PBXBuildFile; fileRef = 02A652831ABFB43F001F44D7 /* DVTFoundation.framework */; };
		02A652861ABFB43F001F44D7 /* DVTKit.framework in Frameworks */ = {isa = PBXBuildFile; fileRef = 02A652841ABFB43F001F44D7 /* DVTKit.framework */; };
		02A652891ABFB458001F44D7 /* IDEFoundation.framework in Frameworks */ = {isa = PBXBuildFile; fileRef = 02A652871ABFB458001F44D7 /* IDEFoundation.framework */; };
		02A6528A1ABFB458001F44D7 /* IDEKit.framework in Frameworks */ = {isa = PBXBuildFile; fileRef = 02A652881ABFB458001F44D7 /* IDEKit.framework */; };
		02A6528C1ABFB485001F44D7 /* Cocoa.framework in Frameworks */ = {isa = PBXBuildFile; fileRef = 02A6528B1ABFB485001F44D7 /* Cocoa.framework */; };
/* End PBXBuildFile section */

/* Begin PBXFileReference section */
		02306CAC1ABFA2DC00C3FD5A /* JumpMarks.xcplugin */ = {isa = PBXFileReference; explicitFileType = wrapper.cfbundle; includeInIndex = 0; path = JumpMarks.xcplugin; sourceTree = BUILT_PRODUCTS_DIR; };
		02306CAF1ABFA2DC00C3FD5A /* AppKit.framework */ = {isa = PBXFileReference; lastKnownFileType = wrapper.framework; name = AppKit.framework; path = /System/Library/Frameworks/AppKit.framework; sourceTree = "<absolute>"; };
		02306CB11ABFA2DC00C3FD5A /* Foundation.framework */ = {isa = PBXFileReference; lastKnownFileType = wrapper.framework; name = Foundation.framework; path = /System/Library/Frameworks/Foundation.framework; sourceTree = "<absolute>"; };
		02306CB51ABFA2DC00C3FD5A /* Info.plist */ = {isa = PBXFileReference; lastKnownFileType = text.plist.xml; path = Info.plist; sourceTree = "<group>"; };
		02306CB61ABFA2DC00C3FD5A /* JumpMarks.xcscheme */ = {isa = PBXFileReference; lastKnownFileType = text.xml; name = JumpMarks.xcscheme; path = JumpMarks.xcodeproj/xcshareddata/xcschemes/JumpMarks.xcscheme; sourceTree = SOURCE_ROOT; };
		02306CB81ABFA2DC00C3FD5A /* JumpMarks.h */ = {isa = PBXFileReference; lastKnownFileType = sourcecode.c.h; path = JumpMarks.h; sourceTree = "<group>"; };
		02306CB91ABFA2DC00C3FD5A /* JumpMarks.m */ = {isa = PBXFileReference; lastKnownFileType = sourcecode.c.objc; path = JumpMarks.m; sourceTree = "<group>"; };
		02A6527A1ABFB387001F44D7 /* JumpMarksTest.xctest */ = {isa = PBXFileReference; explicitFileType = wrapper.cfbundle; includeInIndex = 0; path = JumpMarksTest.xctest; sourceTree = BUILT_PRODUCTS_DIR; };
		02A6527D1ABFB387001F44D7 /* Info.plist */ = {isa = PBXFileReference; lastKnownFileType = text.plist.xml; path = Info.plist; sourceTree = "<group>"; };
		02A6527E1ABFB387001F44D7 /* JumpMarksTest.m */ = {isa = PBXFileReference; lastKnownFileType = sourcecode.c.objc; path = JumpMarksTest.m; sourceTree = "<group>"; };
		02A652831ABFB43F001F44D7 /* DVTFoundation.framework */ = {isa = PBXFileReference; lastKnownFileType = wrapper.framework; name = DVTFoundation.framework; path = ../../../../../../../Applications/Xcode.app/Contents/SharedFrameworks/DVTFoundation.framework; sourceTree = "<group>"; };
		02A652841ABFB43F001F44D7 /* DVTKit.framework */ = {isa = PBXFileReference; lastKnownFileType = wrapper.framework; name = DVTKit.framework; path = ../../../../../../../Applications/Xcode.app/Contents/SharedFrameworks/DVTKit.framework; sourceTree = "<group>"; };
		02A652871ABFB458001F44D7 /* IDEFoundation.framework */ = {isa = PBXFileReference; lastKnownFileType = wrapper.framework; name = IDEFoundation.framework; path = ../../../../../../../Applications/Xcode.app/Contents/Frameworks/IDEFoundation.framework; sourceTree = "<group>"; };
		02A652881ABFB458001F44D7 /* IDEKit.framework */ = {isa = PBXFileReference; lastKnownFileType = wrapper.framework; name = IDEKit.framework; path = ../../../../../../../Applications/Xcode.app/Contents/Frameworks/IDEKit.framework; sourceTree = "<group>"; };
		02A6528B1ABFB485001F44D7 /* Cocoa.framework */ = {isa = PBXFileReference; lastKnownFileType = wrapper.framework; name = Cocoa.framework; path = System/Library/Frameworks/Cocoa.framework; sourceTree = SDKROOT; };
		02A6528D1ABFB4DA001F44D7 /* JumpMarks-Prefix.pch */ = {isa = PBXFileReference; fileEncoding = 4; lastKnownFileType = sourcecode.c.h; path = "JumpMarks-Prefix.pch"; sourceTree = "<group>"; };
/* End PBXFileReference section */

/* Begin PBXFrameworksBuildPhase section */
		02306CAA1ABFA2DC00C3FD5A /* Frameworks */ = {
			isa = PBXFrameworksBuildPhase;
			buildActionMask = 2147483647;
			files = (
				02A6528C1ABFB485001F44D7 /* Cocoa.framework in Frameworks */,
				02A652891ABFB458001F44D7 /* IDEFoundation.framework in Frameworks */,
				02A6528A1ABFB458001F44D7 /* IDEKit.framework in Frameworks */,
				02A652851ABFB43F001F44D7 /* DVTFoundation.framework in Frameworks */,
				02A652861ABFB43F001F44D7 /* DVTKit.framework in Frameworks */,
				02306CB01ABFA2DC00C3FD5A /* AppKit.framework in Frameworks */,
				02306CB21ABFA2DC00C3FD5A /* Foundation.framework in Frameworks */,
			);
			runOnlyForDeploymentPostprocessing = 0;
		};
		02A652771ABFB387001F44D7 /* Frameworks */ = {
			isa = PBXFrameworksBuildPhase;
			buildActionMask = 2147483647;
			files = (
			);
			runOnlyForDeploymentPostprocessing = 0;
		};
/* End PBXFrameworksBuildPhase section */

/* Begin PBXGroup section */
		02306CA31ABFA2DC00C3FD5A = {
			isa = PBXGroup;
			children = (
				02306CB31ABFA2DC00C3FD5A /* JumpMarks */,
				02A6527B1ABFB387001F44D7 /* JumpMarksTest */,
				02306CAE1ABFA2DC00C3FD5A /* Frameworks */,
				02306CAD1ABFA2DC00C3FD5A /* Products */,
			);
			sourceTree = "<group>";
		};
		02306CAD1ABFA2DC00C3FD5A /* Products */ = {
			isa = PBXGroup;
			children = (
				02306CAC1ABFA2DC00C3FD5A /* JumpMarks.xcplugin */,
				02A6527A1ABFB387001F44D7 /* JumpMarksTest.xctest */,
			);
			name = Products;
			sourceTree = "<group>";
		};
		02306CAE1ABFA2DC00C3FD5A /* Frameworks */ = {
			isa = PBXGroup;
			children = (
				02A6528B1ABFB485001F44D7 /* Cocoa.framework */,
				02A652871ABFB458001F44D7 /* IDEFoundation.framework */,
				02A652881ABFB458001F44D7 /* IDEKit.framework */,
				02A652831ABFB43F001F44D7 /* DVTFoundation.framework */,
				02A652841ABFB43F001F44D7 /* DVTKit.framework */,
				02306CAF1ABFA2DC00C3FD5A /* AppKit.framework */,
				02306CB11ABFA2DC00C3FD5A /* Foundation.framework */,
			);
			name = Frameworks;
			sourceTree = "<group>";
		};
		02306CB31ABFA2DC00C3FD5A /* JumpMarks */ = {
			isa = PBXGroup;
			children = (
				02A652911ABFB690001F44D7 /* Xcode Headers */,
				02A652901ABFB663001F44D7 /* Categories / Extensions */,
				02A6528F1ABFB652001F44D7 /* Models */,
				02A6528E1ABFB647001F44D7 /* External */,
				02306CB81ABFA2DC00C3FD5A /* JumpMarks.h */,
				02306CB91ABFA2DC00C3FD5A /* JumpMarks.m */,
				02306CB41ABFA2DC00C3FD5A /* Supporting Files */,
			);
			path = JumpMarks;
			sourceTree = "<group>";
		};
		02306CB41ABFA2DC00C3FD5A /* Supporting Files */ = {
			isa = PBXGroup;
			children = (
				02306CB51ABFA2DC00C3FD5A /* Info.plist */,
				02306CB61ABFA2DC00C3FD5A /* JumpMarks.xcscheme */,
				02A6528D1ABFB4DA001F44D7 /* JumpMarks-Prefix.pch */,
			);
			name = "Supporting Files";
			sourceTree = "<group>";
		};
		02A6527B1ABFB387001F44D7 /* JumpMarksTest */ = {
			isa = PBXGroup;
			children = (
				02A6527E1ABFB387001F44D7 /* JumpMarksTest.m */,
				02A6527C1ABFB387001F44D7 /* Supporting Files */,
			);
			path = JumpMarksTest;
			sourceTree = "<group>";
		};
		02A6527C1ABFB387001F44D7 /* Supporting Files */ = {
			isa = PBXGroup;
			children = (
				02A6527D1ABFB387001F44D7 /* Info.plist */,
			);
			name = "Supporting Files";
			sourceTree = "<group>";
		};
		02A6528E1ABFB647001F44D7 /* External */ = {
			isa = PBXGroup;
			children = (
			);
			name = External;
			sourceTree = "<group>";
		};
		02A6528F1ABFB652001F44D7 /* Models */ = {
			isa = PBXGroup;
			children = (
			);
			name = Models;
			sourceTree = "<group>";
		};
		02A652901ABFB663001F44D7 /* Categories / Extensions */ = {
			isa = PBXGroup;
			children = (
			);
			name = "Categories / Extensions";
			sourceTree = "<group>";
		};
		02A652911ABFB690001F44D7 /* Xcode Headers */ = {
			isa = PBXGroup;
			children = (
			);
			name = "Xcode Headers";
			sourceTree = "<group>";
		};
/* End PBXGroup section */

/* Begin PBXNativeTarget section */
		02306CAB1ABFA2DC00C3FD5A /* JumpMarks */ = {
			isa = PBXNativeTarget;
			buildConfigurationList = 02306CBD1ABFA2DC00C3FD5A /* Build configuration list for PBXNativeTarget "JumpMarks" */;
			buildPhases = (
				02306CA81ABFA2DC00C3FD5A /* Sources */,
				02306CA91ABFA2DC00C3FD5A /* Resources */,
				02306CAA1ABFA2DC00C3FD5A /* Frameworks */,
			);
			buildRules = (
			);
			dependencies = (
			);
			name = JumpMarks;
			productName = JumpMarks;
			productReference = 02306CAC1ABFA2DC00C3FD5A /* JumpMarks.xcplugin */;
			productType = "com.apple.product-type.bundle";
		};
		02A652791ABFB387001F44D7 /* JumpMarksTest */ = {
			isa = PBXNativeTarget;
			buildConfigurationList = 02A652821ABFB387001F44D7 /* Build configuration list for PBXNativeTarget "JumpMarksTest" */;
			buildPhases = (
				02A652761ABFB387001F44D7 /* Sources */,
				02A652771ABFB387001F44D7 /* Frameworks */,
				02A652781ABFB387001F44D7 /* Resources */,
			);
			buildRules = (
			);
			dependencies = (
			);
			name = JumpMarksTest;
			productName = JumpMarksTest;
			productReference = 02A6527A1ABFB387001F44D7 /* JumpMarksTest.xctest */;
			productType = "com.apple.product-type.bundle.unit-test";
		};
/* End PBXNativeTarget section */

/* Begin PBXProject section */
		02306CA41ABFA2DC00C3FD5A /* Project object */ = {
			isa = PBXProject;
			attributes = {
				LastUpgradeCheck = 0610;
				ORGANIZATIONNAME = "Merrick Poon";
				TargetAttributes = {
					02306CAB1ABFA2DC00C3FD5A = {
						CreatedOnToolsVersion = 6.1.1;
					};
					02A652791ABFB387001F44D7 = {
						CreatedOnToolsVersion = 6.2;
					};
				};
			};
			buildConfigurationList = 02306CA71ABFA2DC00C3FD5A /* Build configuration list for PBXProject "JumpMarks" */;
			compatibilityVersion = "Xcode 3.2";
			developmentRegion = English;
			hasScannedForEncodings = 0;
			knownRegions = (
				en,
			);
			mainGroup = 02306CA31ABFA2DC00C3FD5A;
			productRefGroup = 02306CAD1ABFA2DC00C3FD5A /* Products */;
			projectDirPath = "";
			projectRoot = "";
			targets = (
				02306CAB1ABFA2DC00C3FD5A /* JumpMarks */,
				02A652791ABFB387001F44D7 /* JumpMarksTest */,
			);
		};
/* End PBXProject section */

/* Begin PBXResourcesBuildPhase section */
		02306CA91ABFA2DC00C3FD5A /* Resources */ = {
			isa = PBXResourcesBuildPhase;
			buildActionMask = 2147483647;
			files = (
				02306CB71ABFA2DC00C3FD5A /* JumpMarks.xcscheme in Resources */,
			);
			runOnlyForDeploymentPostprocessing = 0;
		};
		02A652781ABFB387001F44D7 /* Resources */ = {
			isa = PBXResourcesBuildPhase;
			buildActionMask = 2147483647;
			files = (
			);
			runOnlyForDeploymentPostprocessing = 0;
		};
/* End PBXResourcesBuildPhase section */

/* Begin PBXSourcesBuildPhase section */
		02306CA81ABFA2DC00C3FD5A /* Sources */ = {
			isa = PBXSourcesBuildPhase;
			buildActionMask = 2147483647;
			files = (
				02306CBA1ABFA2DC00C3FD5A /* JumpMarks.m in Sources */,
			);
			runOnlyForDeploymentPostprocessing = 0;
		};
		02A652761ABFB387001F44D7 /* Sources */ = {
			isa = PBXSourcesBuildPhase;
			buildActionMask = 2147483647;
			files = (
				02A6527F1ABFB387001F44D7 /* JumpMarksTest.m in Sources */,
			);
			runOnlyForDeploymentPostprocessing = 0;
		};
/* End PBXSourcesBuildPhase section */

/* Begin XCBuildConfiguration section */
		02306CBB1ABFA2DC00C3FD5A /* Debug */ = {
			isa = XCBuildConfiguration;
			buildSettings = {
				ALWAYS_SEARCH_USER_PATHS = NO;
				CLANG_CXX_LANGUAGE_STANDARD = "gnu++0x";
				CLANG_CXX_LIBRARY = "libc++";
				CLANG_ENABLE_MODULES = YES;
				CLANG_ENABLE_OBJC_ARC = YES;
				CLANG_WARN_BOOL_CONVERSION = YES;
				CLANG_WARN_CONSTANT_CONVERSION = YES;
				CLANG_WARN_DIRECT_OBJC_ISA_USAGE = YES_ERROR;
				CLANG_WARN_EMPTY_BODY = YES;
				CLANG_WARN_ENUM_CONVERSION = YES;
				CLANG_WARN_INT_CONVERSION = YES;
				CLANG_WARN_OBJC_ROOT_CLASS = YES_ERROR;
				CLANG_WARN_UNREACHABLE_CODE = YES;
				CLANG_WARN__DUPLICATE_METHOD_MATCH = YES;
				COPY_PHASE_STRIP = NO;
				ENABLE_STRICT_OBJC_MSGSEND = YES;
				GCC_C_LANGUAGE_STANDARD = gnu99;
				GCC_DYNAMIC_NO_PIC = NO;
				GCC_OPTIMIZATION_LEVEL = 0;
				GCC_PREPROCESSOR_DEFINITIONS = (
					"DEBUG=1",
					"$(inherited)",
				);
				GCC_SYMBOLS_PRIVATE_EXTERN = NO;
				GCC_WARN_64_TO_32_BIT_CONVERSION = YES;
				GCC_WARN_ABOUT_RETURN_TYPE = YES_ERROR;
				GCC_WARN_UNDECLARED_SELECTOR = YES;
				GCC_WARN_UNINITIALIZED_AUTOS = YES_AGGRESSIVE;
				GCC_WARN_UNUSED_FUNCTION = YES;
				GCC_WARN_UNUSED_VARIABLE = YES;
				MTL_ENABLE_DEBUG_INFO = YES;
				ONLY_ACTIVE_ARCH = YES;
			};
			name = Debug;
		};
		02306CBC1ABFA2DC00C3FD5A /* Release */ = {
			isa = XCBuildConfiguration;
			buildSettings = {
				ALWAYS_SEARCH_USER_PATHS = NO;
				CLANG_CXX_LANGUAGE_STANDARD = "gnu++0x";
				CLANG_CXX_LIBRARY = "libc++";
				CLANG_ENABLE_MODULES = YES;
				CLANG_ENABLE_OBJC_ARC = YES;
				CLANG_WARN_BOOL_CONVERSION = YES;
				CLANG_WARN_CONSTANT_CONVERSION = YES;
				CLANG_WARN_DIRECT_OBJC_ISA_USAGE = YES_ERROR;
				CLANG_WARN_EMPTY_BODY = YES;
				CLANG_WARN_ENUM_CONVERSION = YES;
				CLANG_WARN_INT_CONVERSION = YES;
				CLANG_WARN_OBJC_ROOT_CLASS = YES_ERROR;
				CLANG_WARN_UNREACHABLE_CODE = YES;
				CLANG_WARN__DUPLICATE_METHOD_MATCH = YES;
				COPY_PHASE_STRIP = YES;
				ENABLE_NS_ASSERTIONS = NO;
				ENABLE_STRICT_OBJC_MSGSEND = YES;
				GCC_C_LANGUAGE_STANDARD = gnu99;
				GCC_WARN_64_TO_32_BIT_CONVERSION = YES;
				GCC_WARN_ABOUT_RETURN_TYPE = YES_ERROR;
				GCC_WARN_UNDECLARED_SELECTOR = YES;
				GCC_WARN_UNINITIALIZED_AUTOS = YES_AGGRESSIVE;
				GCC_WARN_UNUSED_FUNCTION = YES;
				GCC_WARN_UNUSED_VARIABLE = YES;
				MTL_ENABLE_DEBUG_INFO = NO;
			};
			name = Release;
		};
		02306CBE1ABFA2DC00C3FD5A /* Debug */ = {
			isa = XCBuildConfiguration;
			buildSettings = {
				COMBINE_HIDPI_IMAGES = YES;
				DEPLOYMENT_LOCATION = YES;
				DSTROOT = "$(HOME)";
				FRAMEWORK_SEARCH_PATHS = (
					"$(inherited)",
					"$(SYSTEM_APPS_DIR)/Xcode.app/Contents/SharedFrameworks",
					"$(SYSTEM_APPS_DIR)/Xcode.app/Contents/Frameworks",
				);
				GCC_PREFIX_HEADER = "JumpMarks/JumpMarks-Prefix.pch";
				INFOPLIST_FILE = JumpMarks/Info.plist;
				INSTALL_PATH = "/Library/Application Support/Developer/Shared/Xcode/Plug-ins";
				MACOSX_DEPLOYMENT_TARGET = 10.10;
				PRODUCT_NAME = "$(TARGET_NAME)";
				WRAPPER_EXTENSION = xcplugin;
			};
			name = Debug;
		};
		02306CBF1ABFA2DC00C3FD5A /* Release */ = {
			isa = XCBuildConfiguration;
			buildSettings = {
				COMBINE_HIDPI_IMAGES = YES;
				DEPLOYMENT_LOCATION = YES;
				DSTROOT = "$(HOME)";
				FRAMEWORK_SEARCH_PATHS = (
					"$(inherited)",
					"$(SYSTEM_APPS_DIR)/Xcode.app/Contents/SharedFrameworks",
					"$(SYSTEM_APPS_DIR)/Xcode.app/Contents/Frameworks",
				);
				GCC_PREFIX_HEADER = "JumpMarks/JumpMarks-Prefix.pch";
				INFOPLIST_FILE = JumpMarks/Info.plist;
				INSTALL_PATH = "/Library/Application Support/Developer/Shared/Xcode/Plug-ins";
				MACOSX_DEPLOYMENT_TARGET = 10.10;
				PRODUCT_NAME = "$(TARGET_NAME)";
				WRAPPER_EXTENSION = xcplugin;
			};
			name = Release;
		};
		02A652801ABFB387001F44D7 /* Debug */ = {
			isa = XCBuildConfiguration;
			buildSettings = {
				COMBINE_HIDPI_IMAGES = YES;
				FRAMEWORK_SEARCH_PATHS = (
					"$(DEVELOPER_FRAMEWORKS_DIR)",
					"$(inherited)",
				);
				GCC_PREPROCESSOR_DEFINITIONS = (
					"DEBUG=1",
					"$(inherited)",
				);
				INFOPLIST_FILE = JumpMarksTest/Info.plist;
				LD_RUNPATH_SEARCH_PATHS = "$(inherited) @executable_path/../Frameworks @loader_path/../Frameworks";
				MACOSX_DEPLOYMENT_TARGET = 10.10;
				PRODUCT_NAME = "$(TARGET_NAME)";
				SDKROOT = macosx;
			};
			name = Debug;
		};
		02A652811ABFB387001F44D7 /* Release */ = {
			isa = XCBuildConfiguration;
			buildSettings = {
				COMBINE_HIDPI_IMAGES = YES;
				COPY_PHASE_STRIP = NO;
				DEBUG_INFORMATION_FORMAT = "dwarf-with-dsym";
				FRAMEWORK_SEARCH_PATHS = (
					"$(DEVELOPER_FRAMEWORKS_DIR)",
					"$(inherited)",
				);
				INFOPLIST_FILE = JumpMarksTest/Info.plist;
				LD_RUNPATH_SEARCH_PATHS = "$(inherited) @executable_path/../Frameworks @loader_path/../Frameworks";
				MACOSX_DEPLOYMENT_TARGET = 10.10;
				PRODUCT_NAME = "$(TARGET_NAME)";
				SDKROOT = macosx;
			};
			name = Release;
		};
/* End XCBuildConfiguration section */

/* Begin XCConfigurationList section */
		02306CA71ABFA2DC00C3FD5A /* Build configuration list for PBXProject "JumpMarks" */ = {
			isa = XCConfigurationList;
			buildConfigurations = (
				02306CBB1ABFA2DC00C3FD5A /* Debug */,
				02306CBC1ABFA2DC00C3FD5A /* Release */,
			);
			defaultConfigurationIsVisible = 0;
			defaultConfigurationName = Release;
		};
		02306CBD1ABFA2DC00C3FD5A /* Build configuration list for PBXNativeTarget "JumpMarks" */ = {
			isa = XCConfigurationList;
			buildConfigurations = (
				02306CBE1ABFA2DC00C3FD5A /* Debug */,
				02306CBF1ABFA2DC00C3FD5A /* Release */,
			);
			defaultConfigurationIsVisible = 0;
			defaultConfigurationName = Release;
		};
		02A652821ABFB387001F44D7 /* Build configuration list for PBXNativeTarget "JumpMarksTest" */ = {
			isa = XCConfigurationList;
			buildConfigurations = (
				02A652801ABFB387001F44D7 /* Debug */,
				02A652811ABFB387001F44D7 /* Release */,
			);
			defaultConfigurationIsVisible = 0;
		};
/* End XCConfigurationList section */
	};
	rootObject = 02306CA41ABFA2DC00C3FD5A /* Project object */;
}
