// !$*UTF8*$!
{
	archiveVersion = 1;
	classes = {
	};
	objectVersion = 46;
	objects = {

/* Begin PBXBuildFile section */
		02306CB01ABFA2DC00C3FD5A /* AppKit.framework in Frameworks */ = {isa = PBXBuildFile; fileRef = 02306CAF1ABFA2DC00C3FD5A /* AppKit.framework */; };
		02306CB21ABFA2DC00C3FD5A /* Foundation.framework in Frameworks */ = {isa = PBXBuildFile; fileRef = 02306CB11ABFA2DC00C3FD5A /* Foundation.framework */; };
		02306CB71ABFA2DC00C3FD5A /* JumpMarks.xcscheme in Resources */ = {isa = PBXBuildFile; fileRef = 02306CB61ABFA2DC00C3FD5A /* JumpMarks.xcscheme */; };
		02306CBA1ABFA2DC00C3FD5A /* JumpMarks.m in Sources */ = {isa = PBXBuildFile; fileRef = 02306CB91ABFA2DC00C3FD5A /* JumpMarks.m */; };
		0230768F1B5F421D00978BFE /* Expecta.framework in Frameworks */ = {isa = PBXBuildFile; fileRef = 0230768B1B5F3FFD00978BFE /* Expecta.framework */; };
		023076901B5F421D00978BFE /* Specta.framework in Frameworks */ = {isa = PBXBuildFile; fileRef = 0230768C1B5F3FFD00978BFE /* Specta.framework */; };
		023076931B5F437F00978BFE /* Expecta.framework in Copy Frameworks */ = {isa = PBXBuildFile; fileRef = 0230768B1B5F3FFD00978BFE /* Expecta.framework */; settings = {ATTRIBUTES = (CodeSignOnCopy, RemoveHeadersOnCopy, ); }; };
		023076941B5F437F00978BFE /* Specta.framework in Copy Frameworks */ = {isa = PBXBuildFile; fileRef = 0230768C1B5F3FFD00978BFE /* Specta.framework */; settings = {ATTRIBUTES = (CodeSignOnCopy, RemoveHeadersOnCopy, ); }; };
		023076961B60925A00978BFE /* OCMock.framework in Frameworks */ = {isa = PBXBuildFile; fileRef = 023076951B60925A00978BFE /* OCMock.framework */; };
		023076971B60926300978BFE /* OCMock.framework in Copy Frameworks */ = {isa = PBXBuildFile; fileRef = 023076951B60925A00978BFE /* OCMock.framework */; settings = {ATTRIBUTES = (CodeSignOnCopy, RemoveHeadersOnCopy, ); }; };
		02A02D821ABFCC72000B56F3 /* JumpMark.m in Sources */ = {isa = PBXBuildFile; fileRef = 02A02D811ABFCC72000B56F3 /* JumpMark.m */; };
		02A02D851ABFCFFE000B56F3 /* JumpMarkList.m in Sources */ = {isa = PBXBuildFile; fileRef = 02A02D841ABFCFFE000B56F3 /* JumpMarkList.m */; };
		02A652851ABFB43F001F44D7 /* DVTFoundation.framework in Frameworks */ = {isa = PBXBuildFile; fileRef = 02A652831ABFB43F001F44D7 /* DVTFoundation.framework */; };
		02A652861ABFB43F001F44D7 /* DVTKit.framework in Frameworks */ = {isa = PBXBuildFile; fileRef = 02A652841ABFB43F001F44D7 /* DVTKit.framework */; };
		02A652891ABFB458001F44D7 /* IDEFoundation.framework in Frameworks */ = {isa = PBXBuildFile; fileRef = 02A652871ABFB458001F44D7 /* IDEFoundation.framework */; };
		02A6528A1ABFB458001F44D7 /* IDEKit.framework in Frameworks */ = {isa = PBXBuildFile; fileRef = 02A652881ABFB458001F44D7 /* IDEKit.framework */; };
		02A6528C1ABFB485001F44D7 /* Cocoa.framework in Frameworks */ = {isa = PBXBuildFile; fileRef = 02A6528B1ABFB485001F44D7 /* Cocoa.framework */; };
		02A652991ABFBAA1001F44D7 /* JRSwizzle.m in Sources */ = {isa = PBXBuildFile; fileRef = 02A652971ABFBAA1001F44D7 /* JRSwizzle.m */; };
		02B54CE01B5CDFB800488A78 /* JumpMarksTest.m in Sources */ = {isa = PBXBuildFile; fileRef = 02B54CDF1B5CDFB800488A78 /* JumpMarksTest.m */; };
		3E2490D31AD20B1000225CA1 /* IDEWorkspaceDocument+JumpMarks.m in Sources */ = {isa = PBXBuildFile; fileRef = 3E2490D21AD20B1000225CA1 /* IDEWorkspaceDocument+JumpMarks.m */; };
		3E6F07511AD280E50049F945 /* DVTTextSidebarView+JumpMarks.m in Sources */ = {isa = PBXBuildFile; fileRef = 3E6F07501AD280E50049F945 /* DVTTextSidebarView+JumpMarks.m */; };
/* End PBXBuildFile section */

/* Begin PBXCopyFilesBuildPhase section */
		023076921B5F433500978BFE /* Copy Frameworks */ = {
			isa = PBXCopyFilesBuildPhase;
			buildActionMask = 2147483647;
			dstPath = "";
			dstSubfolderSpec = 10;
			files = (
				023076971B60926300978BFE /* OCMock.framework in Copy Frameworks */,
				023076931B5F437F00978BFE /* Expecta.framework in Copy Frameworks */,
				023076941B5F437F00978BFE /* Specta.framework in Copy Frameworks */,
			);
			name = "Copy Frameworks";
			runOnlyForDeploymentPostprocessing = 0;
		};
/* End PBXCopyFilesBuildPhase section */

/* Begin PBXFileReference section */
		02306CAC1ABFA2DC00C3FD5A /* JumpMarks.xcplugin */ = {isa = PBXFileReference; explicitFileType = wrapper.cfbundle; includeInIndex = 0; path = JumpMarks.xcplugin; sourceTree = BUILT_PRODUCTS_DIR; };
		02306CAF1ABFA2DC00C3FD5A /* AppKit.framework */ = {isa = PBXFileReference; lastKnownFileType = wrapper.framework; name = AppKit.framework; path = /System/Library/Frameworks/AppKit.framework; sourceTree = "<absolute>"; };
		02306CB11ABFA2DC00C3FD5A /* Foundation.framework */ = {isa = PBXFileReference; lastKnownFileType = wrapper.framework; name = Foundation.framework; path = /System/Library/Frameworks/Foundation.framework; sourceTree = "<absolute>"; };
		02306CB51ABFA2DC00C3FD5A /* Info.plist */ = {isa = PBXFileReference; lastKnownFileType = text.plist.xml; path = Info.plist; sourceTree = "<group>"; };
		02306CB61ABFA2DC00C3FD5A /* JumpMarks.xcscheme */ = {isa = PBXFileReference; lastKnownFileType = text.xml; name = JumpMarks.xcscheme; path = JumpMarks.xcodeproj/xcshareddata/xcschemes/JumpMarks.xcscheme; sourceTree = SOURCE_ROOT; };
		02306CB81ABFA2DC00C3FD5A /* JumpMarks.h */ = {isa = PBXFileReference; lastKnownFileType = sourcecode.c.h; path = JumpMarks.h; sourceTree = "<group>"; };
		02306CB91ABFA2DC00C3FD5A /* JumpMarks.m */ = {isa = PBXFileReference; lastKnownFileType = sourcecode.c.objc; path = JumpMarks.m; sourceTree = "<group>"; };
		0230768B1B5F3FFD00978BFE /* Expecta.framework */ = {isa = PBXFileReference; lastKnownFileType = wrapper.framework; name = Expecta.framework; path = Carthage/Build/Mac/Expecta.framework; sourceTree = "<group>"; };
		0230768C1B5F3FFD00978BFE /* Specta.framework */ = {isa = PBXFileReference; lastKnownFileType = wrapper.framework; name = Specta.framework; path = Carthage/Build/Mac/Specta.framework; sourceTree = "<group>"; };
		023076951B60925A00978BFE /* OCMock.framework */ = {isa = PBXFileReference; lastKnownFileType = wrapper.framework; name = OCMock.framework; path = Carthage/Build/Mac/OCMock.framework; sourceTree = "<group>"; };
		02A02D801ABFCC72000B56F3 /* JumpMark.h */ = {isa = PBXFileReference; fileEncoding = 4; lastKnownFileType = sourcecode.c.h; name = JumpMark.h; path = Models/JumpMark.h; sourceTree = "<group>"; };
		02A02D811ABFCC72000B56F3 /* JumpMark.m */ = {isa = PBXFileReference; fileEncoding = 4; lastKnownFileType = sourcecode.c.objc; name = JumpMark.m; path = Models/JumpMark.m; sourceTree = "<group>"; };
		02A02D831ABFCFFE000B56F3 /* JumpMarkList.h */ = {isa = PBXFileReference; fileEncoding = 4; lastKnownFileType = sourcecode.c.h; name = JumpMarkList.h; path = Models/JumpMarkList.h; sourceTree = "<group>"; };
		02A02D841ABFCFFE000B56F3 /* JumpMarkList.m */ = {isa = PBXFileReference; fileEncoding = 4; lastKnownFileType = sourcecode.c.objc; name = JumpMarkList.m; path = Models/JumpMarkList.m; sourceTree = "<group>"; };
		02A652831ABFB43F001F44D7 /* DVTFoundation.framework */ = {isa = PBXFileReference; lastKnownFileType = wrapper.framework; name = DVTFoundation.framework; path = ../SharedFrameworks/DVTFoundation.framework; sourceTree = DEVELOPER_DIR; };
		02A652841ABFB43F001F44D7 /* DVTKit.framework */ = {isa = PBXFileReference; lastKnownFileType = wrapper.framework; name = DVTKit.framework; path = ../SharedFrameworks/DVTKit.framework; sourceTree = DEVELOPER_DIR; };
		02A652871ABFB458001F44D7 /* IDEFoundation.framework */ = {isa = PBXFileReference; lastKnownFileType = wrapper.framework; name = IDEFoundation.framework; path = "..//Frameworks/IDEFoundation.framework"; sourceTree = DEVELOPER_DIR; };
		02A652881ABFB458001F44D7 /* IDEKit.framework */ = {isa = PBXFileReference; lastKnownFileType = wrapper.framework; name = IDEKit.framework; path = ../Frameworks/IDEKit.framework; sourceTree = DEVELOPER_DIR; };
		02A6528B1ABFB485001F44D7 /* Cocoa.framework */ = {isa = PBXFileReference; lastKnownFileType = wrapper.framework; name = Cocoa.framework; path = System/Library/Frameworks/Cocoa.framework; sourceTree = SDKROOT; };
		02A6528D1ABFB4DA001F44D7 /* JumpMarks-Prefix.pch */ = {isa = PBXFileReference; fileEncoding = 4; lastKnownFileType = sourcecode.c.h; path = "JumpMarks-Prefix.pch"; sourceTree = "<group>"; };
		02A652921ABFBA84001F44D7 /* DVTFoundation.h */ = {isa = PBXFileReference; fileEncoding = 4; lastKnownFileType = sourcecode.c.h; name = DVTFoundation.h; path = XcodeHeaders/DVTFoundation.h; sourceTree = "<group>"; };
		02A652931ABFBA84001F44D7 /* DVTKit.h */ = {isa = PBXFileReference; fileEncoding = 4; lastKnownFileType = sourcecode.c.h; name = DVTKit.h; path = XcodeHeaders/DVTKit.h; sourceTree = "<group>"; };
		02A652941ABFBA84001F44D7 /* IDEFoundation.h */ = {isa = PBXFileReference; fileEncoding = 4; lastKnownFileType = sourcecode.c.h; name = IDEFoundation.h; path = XcodeHeaders/IDEFoundation.h; sourceTree = "<group>"; };
		02A652951ABFBA84001F44D7 /* IDEKit.h */ = {isa = PBXFileReference; fileEncoding = 4; lastKnownFileType = sourcecode.c.h; name = IDEKit.h; path = XcodeHeaders/IDEKit.h; sourceTree = "<group>"; };
		02A652961ABFBA84001F44D7 /* IDESourceEditor.h */ = {isa = PBXFileReference; fileEncoding = 4; lastKnownFileType = sourcecode.c.h; name = IDESourceEditor.h; path = XcodeHeaders/IDESourceEditor.h; sourceTree = "<group>"; };
		02A652971ABFBAA1001F44D7 /* JRSwizzle.m */ = {isa = PBXFileReference; fileEncoding = 4; lastKnownFileType = sourcecode.c.objc; name = JRSwizzle.m; path = External/JRSwizzle.m; sourceTree = "<group>"; };
		02A652981ABFBAA1001F44D7 /* JRSwizzle.h */ = {isa = PBXFileReference; fileEncoding = 4; lastKnownFileType = sourcecode.c.h; name = JRSwizzle.h; path = External/JRSwizzle.h; sourceTree = "<group>"; };
		02B54CDB1B5CDFB800488A78 /* JumpMarksTest.xctest */ = {isa = PBXFileReference; explicitFileType = wrapper.cfbundle; includeInIndex = 0; path = JumpMarksTest.xctest; sourceTree = BUILT_PRODUCTS_DIR; };
		02B54CDE1B5CDFB800488A78 /* Info.plist */ = {isa = PBXFileReference; lastKnownFileType = text.plist.xml; path = Info.plist; sourceTree = "<group>"; };
		02B54CDF1B5CDFB800488A78 /* JumpMarksTest.m */ = {isa = PBXFileReference; lastKnownFileType = sourcecode.c.objc; path = JumpMarksTest.m; sourceTree = "<group>"; };
		02C8B97A1DB43E5700FC623C /* DVTTextSidebarView.h */ = {isa = PBXFileReference; fileEncoding = 4; lastKnownFileType = sourcecode.c.h; name = DVTTextSidebarView.h; path = XcodeHeaders/DVTTextSidebarView.h; sourceTree = "<group>"; };
		3E2490D11AD20B1000225CA1 /* IDEWorkspaceDocument+JumpMarks.h */ = {isa = PBXFileReference; fileEncoding = 4; lastKnownFileType = sourcecode.c.h; name = "IDEWorkspaceDocument+JumpMarks.h"; path = "Categories/IDEWorkspaceDocument+JumpMarks.h"; sourceTree = "<group>"; };
		3E2490D21AD20B1000225CA1 /* IDEWorkspaceDocument+JumpMarks.m */ = {isa = PBXFileReference; fileEncoding = 4; lastKnownFileType = sourcecode.c.objc; name = "IDEWorkspaceDocument+JumpMarks.m"; path = "Categories/IDEWorkspaceDocument+JumpMarks.m"; sourceTree = "<group>"; };
		3E61A7B11ACE9F5D006A5967 /* Foundation.framework */ = {isa = PBXFileReference; lastKnownFileType = wrapper.framework; name = Foundation.framework; path = System/Library/Frameworks/Foundation.framework; sourceTree = SDKROOT; };
		3E6F074F1AD280E50049F945 /* DVTTextSidebarView+JumpMarks.h */ = {isa = PBXFileReference; fileEncoding = 4; lastKnownFileType = sourcecode.c.h; name = "DVTTextSidebarView+JumpMarks.h"; path = "Categories/DVTTextSidebarView+JumpMarks.h"; sourceTree = "<group>"; };
		3E6F07501AD280E50049F945 /* DVTTextSidebarView+JumpMarks.m */ = {isa = PBXFileReference; fileEncoding = 4; lastKnownFileType = sourcecode.c.objc; name = "DVTTextSidebarView+JumpMarks.m"; path = "Categories/DVTTextSidebarView+JumpMarks.m"; sourceTree = "<group>"; };
/* End PBXFileReference section */

/* Begin PBXFrameworksBuildPhase section */
		02306CAA1ABFA2DC00C3FD5A /* Frameworks */ = {
			isa = PBXFrameworksBuildPhase;
			buildActionMask = 2147483647;
			files = (
				02A6528C1ABFB485001F44D7 /* Cocoa.framework in Frameworks */,
				02A652891ABFB458001F44D7 /* IDEFoundation.framework in Frameworks */,
				02A6528A1ABFB458001F44D7 /* IDEKit.framework in Frameworks */,
				02A652851ABFB43F001F44D7 /* DVTFoundation.framework in Frameworks */,
				02A652861ABFB43F001F44D7 /* DVTKit.framework in Frameworks */,
				02306CB01ABFA2DC00C3FD5A /* AppKit.framework in Frameworks */,
				02306CB21ABFA2DC00C3FD5A /* Foundation.framework in Frameworks */,
			);
			runOnlyForDeploymentPostprocessing = 0;
		};
		02B54CD81B5CDFB800488A78 /* Frameworks */ = {
			isa = PBXFrameworksBuildPhase;
			buildActionMask = 2147483647;
			files = (
				0230768F1B5F421D00978BFE /* Expecta.framework in Frameworks */,
				023076961B60925A00978BFE /* OCMock.framework in Frameworks */,
				023076901B5F421D00978BFE /* Specta.framework in Frameworks */,
			);
			runOnlyForDeploymentPostprocessing = 0;
		};
/* End PBXFrameworksBuildPhase section */

/* Begin PBXGroup section */
		02306CA31ABFA2DC00C3FD5A = {
			isa = PBXGroup;
			children = (
				02306CB31ABFA2DC00C3FD5A /* JumpMarks */,
				02B54CDC1B5CDFB800488A78 /* JumpMarksTest */,
				02306CAE1ABFA2DC00C3FD5A /* Frameworks */,
				02306CAD1ABFA2DC00C3FD5A /* Products */,
			);
			sourceTree = "<group>";
		};
		02306CAD1ABFA2DC00C3FD5A /* Products */ = {
			isa = PBXGroup;
			children = (
				02306CAC1ABFA2DC00C3FD5A /* JumpMarks.xcplugin */,
				02B54CDB1B5CDFB800488A78 /* JumpMarksTest.xctest */,
			);
			name = Products;
			sourceTree = "<group>";
		};
		02306CAE1ABFA2DC00C3FD5A /* Frameworks */ = {
			isa = PBXGroup;
			children = (
				023076951B60925A00978BFE /* OCMock.framework */,
				0230768B1B5F3FFD00978BFE /* Expecta.framework */,
				0230768C1B5F3FFD00978BFE /* Specta.framework */,
				3E61A7B11ACE9F5D006A5967 /* Foundation.framework */,
				02A6528B1ABFB485001F44D7 /* Cocoa.framework */,
				02A652871ABFB458001F44D7 /* IDEFoundation.framework */,
				02A652881ABFB458001F44D7 /* IDEKit.framework */,
				02A652831ABFB43F001F44D7 /* DVTFoundation.framework */,
				02A652841ABFB43F001F44D7 /* DVTKit.framework */,
				02306CAF1ABFA2DC00C3FD5A /* AppKit.framework */,
				02306CB11ABFA2DC00C3FD5A /* Foundation.framework */,
			);
			name = Frameworks;
			sourceTree = "<group>";
		};
		02306CB31ABFA2DC00C3FD5A /* JumpMarks */ = {
			isa = PBXGroup;
			children = (
				02A652911ABFB690001F44D7 /* Xcode Headers */,
				02A652901ABFB663001F44D7 /* Categories / Extensions */,
				02A6528F1ABFB652001F44D7 /* Models */,
				02A6528E1ABFB647001F44D7 /* External */,
				02306CB81ABFA2DC00C3FD5A /* JumpMarks.h */,
				02306CB91ABFA2DC00C3FD5A /* JumpMarks.m */,
				02306CB41ABFA2DC00C3FD5A /* Supporting Files */,
			);
			path = JumpMarks;
			sourceTree = "<group>";
		};
		02306CB41ABFA2DC00C3FD5A /* Supporting Files */ = {
			isa = PBXGroup;
			children = (
				02306CB51ABFA2DC00C3FD5A /* Info.plist */,
				02306CB61ABFA2DC00C3FD5A /* JumpMarks.xcscheme */,
				02A6528D1ABFB4DA001F44D7 /* JumpMarks-Prefix.pch */,
			);
			name = "Supporting Files";
			sourceTree = "<group>";
		};
		02A6528E1ABFB647001F44D7 /* External */ = {
			isa = PBXGroup;
			children = (
				02A652971ABFBAA1001F44D7 /* JRSwizzle.m */,
				02A652981ABFBAA1001F44D7 /* JRSwizzle.h */,
			);
			name = External;
			sourceTree = "<group>";
		};
		02A6528F1ABFB652001F44D7 /* Models */ = {
			isa = PBXGroup;
			children = (
				02A02D801ABFCC72000B56F3 /* JumpMark.h */,
				02A02D811ABFCC72000B56F3 /* JumpMark.m */,
				02A02D831ABFCFFE000B56F3 /* JumpMarkList.h */,
				02A02D841ABFCFFE000B56F3 /* JumpMarkList.m */,
			);
			name = Models;
			sourceTree = "<group>";
		};
		02A652901ABFB663001F44D7 /* Categories / Extensions */ = {
			isa = PBXGroup;
			children = (
				3E6F074F1AD280E50049F945 /* DVTTextSidebarView+JumpMarks.h */,
				3E6F07501AD280E50049F945 /* DVTTextSidebarView+JumpMarks.m */,
				3E2490D11AD20B1000225CA1 /* IDEWorkspaceDocument+JumpMarks.h */,
				3E2490D21AD20B1000225CA1 /* IDEWorkspaceDocument+JumpMarks.m */,
			);
			name = "Categories / Extensions";
			sourceTree = "<group>";
		};
		02A652911ABFB690001F44D7 /* Xcode Headers */ = {
			isa = PBXGroup;
			children = (
				02A652921ABFBA84001F44D7 /* DVTFoundation.h */,
				02A652931ABFBA84001F44D7 /* DVTKit.h */,
				02A652941ABFBA84001F44D7 /* IDEFoundation.h */,
				02A652951ABFBA84001F44D7 /* IDEKit.h */,
				02A652961ABFBA84001F44D7 /* IDESourceEditor.h */,
				02C8B97A1DB43E5700FC623C /* DVTTextSidebarView.h */,
			);
			name = "Xcode Headers";
			sourceTree = "<group>";
		};
		02B54CDC1B5CDFB800488A78 /* JumpMarksTest */ = {
			isa = PBXGroup;
			children = (
				02B54CDF1B5CDFB800488A78 /* JumpMarksTest.m */,
				02B54CDD1B5CDFB800488A78 /* Supporting Files */,
			);
			path = JumpMarksTest;
			sourceTree = "<group>";
		};
		02B54CDD1B5CDFB800488A78 /* Supporting Files */ = {
			isa = PBXGroup;
			children = (
				02B54CDE1B5CDFB800488A78 /* Info.plist */,
			);
			name = "Supporting Files";
			sourceTree = "<group>";
		};
/* End PBXGroup section */

/* Begin PBXNativeTarget section */
		02306CAB1ABFA2DC00C3FD5A /* JumpMarks */ = {
			isa = PBXNativeTarget;
			buildConfigurationList = 02306CBD1ABFA2DC00C3FD5A /* Build configuration list for PBXNativeTarget "JumpMarks" */;
			buildPhases = (
				02306CA81ABFA2DC00C3FD5A /* Sources */,
				02306CA91ABFA2DC00C3FD5A /* Resources */,
				02306CAA1ABFA2DC00C3FD5A /* Frameworks */,
			);
			buildRules = (
			);
			dependencies = (
			);
			name = JumpMarks;
			productName = JumpMarks;
			productReference = 02306CAC1ABFA2DC00C3FD5A /* JumpMarks.xcplugin */;
			productType = "com.apple.product-type.bundle";
		};
		02B54CDA1B5CDFB800488A78 /* JumpMarksTest */ = {
			isa = PBXNativeTarget;
			buildConfigurationList = 02B54CE31B5CDFB800488A78 /* Build configuration list for PBXNativeTarget "JumpMarksTest" */;
			buildPhases = (
				02B54CD71B5CDFB800488A78 /* Sources */,
				02B54CD81B5CDFB800488A78 /* Frameworks */,
				02B54CD91B5CDFB800488A78 /* Resources */,
				023076921B5F433500978BFE /* Copy Frameworks */,
			);
			buildRules = (
			);
			dependencies = (
			);
			name = JumpMarksTest;
			productName = JumpMarksTest;
			productReference = 02B54CDB1B5CDFB800488A78 /* JumpMarksTest.xctest */;
			productType = "com.apple.product-type.bundle.unit-test";
		};
/* End PBXNativeTarget section */

/* Begin PBXProject section */
		02306CA41ABFA2DC00C3FD5A /* Project object */ = {
			isa = PBXProject;
			attributes = {
				LastSwiftUpdateCheck = 0900;
				LastUpgradeCheck = 0800;
				ORGANIZATIONNAME = "Merrick Poon";
				TargetAttributes = {
					02306CAB1ABFA2DC00C3FD5A = {
						CreatedOnToolsVersion = 6.1.1;
					};
					02B54CDA1B5CDFB800488A78 = {
						CreatedOnToolsVersion = 6.4;
					};
				};
			};
			buildConfigurationList = 02306CA71ABFA2DC00C3FD5A /* Build configuration list for PBXProject "JumpMarks" */;
			compatibilityVersion = "Xcode 3.2";
			developmentRegion = English;
			hasScannedForEncodings = 0;
			knownRegions = (
				en,
			);
			mainGroup = 02306CA31ABFA2DC00C3FD5A;
			productRefGroup = 02306CAD1ABFA2DC00C3FD5A /* Products */;
			projectDirPath = "";
			projectRoot = "";
			targets = (
				02306CAB1ABFA2DC00C3FD5A /* JumpMarks */,
				02B54CDA1B5CDFB800488A78 /* JumpMarksTest */,
			);
		};
/* End PBXProject section */

/* Begin PBXResourcesBuildPhase section */
		02306CA91ABFA2DC00C3FD5A /* Resources */ = {
			isa = PBXResourcesBuildPhase;
			buildActionMask = 2147483647;
			files = (
				02306CB71ABFA2DC00C3FD5A /* JumpMarks.xcscheme in Resources */,
			);
			runOnlyForDeploymentPostprocessing = 0;
		};
		02B54CD91B5CDFB800488A78 /* Resources */ = {
			isa = PBXResourcesBuildPhase;
			buildActionMask = 2147483647;
			files = (
			);
			runOnlyForDeploymentPostprocessing = 0;
		};
/* End PBXResourcesBuildPhase section */

/* Begin PBXSourcesBuildPhase section */
		02306CA81ABFA2DC00C3FD5A /* Sources */ = {
			isa = PBXSourcesBuildPhase;
			buildActionMask = 2147483647;
			files = (
				02A02D821ABFCC72000B56F3 /* JumpMark.m in Sources */,
				02A652991ABFBAA1001F44D7 /* JRSwizzle.m in Sources */,
				02A02D851ABFCFFE000B56F3 /* JumpMarkList.m in Sources */,
				3E2490D31AD20B1000225CA1 /* IDEWorkspaceDocument+JumpMarks.m in Sources */,
				02306CBA1ABFA2DC00C3FD5A /* JumpMarks.m in Sources */,
				3E6F07511AD280E50049F945 /* DVTTextSidebarView+JumpMarks.m in Sources */,
			);
			runOnlyForDeploymentPostprocessing = 0;
		};
		02B54CD71B5CDFB800488A78 /* Sources */ = {
			isa = PBXSourcesBuildPhase;
			buildActionMask = 2147483647;
			files = (
				02B54CE01B5CDFB800488A78 /* JumpMarksTest.m in Sources */,
			);
			runOnlyForDeploymentPostprocessing = 0;
		};
/* End PBXSourcesBuildPhase section */

/* Begin XCBuildConfiguration section */
		02306CBB1ABFA2DC00C3FD5A /* Debug */ = {
			isa = XCBuildConfiguration;
			buildSettings = {
				ALWAYS_SEARCH_USER_PATHS = NO;
				CLANG_CXX_LANGUAGE_STANDARD = "gnu++0x";
				CLANG_CXX_LIBRARY = "libc++";
				CLANG_ENABLE_MODULES = YES;
				CLANG_ENABLE_OBJC_ARC = YES;
				CLANG_WARN_BOOL_CONVERSION = YES;
				CLANG_WARN_CONSTANT_CONVERSION = YES;
				CLANG_WARN_DIRECT_OBJC_ISA_USAGE = YES_ERROR;
				CLANG_WARN_EMPTY_BODY = YES;
				CLANG_WARN_ENUM_CONVERSION = YES;
				CLANG_WARN_INFINITE_RECURSION = YES;
				CLANG_WARN_INT_CONVERSION = YES;
				CLANG_WARN_OBJC_ROOT_CLASS = YES_ERROR;
				CLANG_WARN_SUSPICIOUS_MOVE = YES;
				CLANG_WARN_UNREACHABLE_CODE = YES;
				CLANG_WARN__DUPLICATE_METHOD_MATCH = YES;
				COPY_PHASE_STRIP = NO;
				ENABLE_STRICT_OBJC_MSGSEND = YES;
				ENABLE_TESTABILITY = YES;
				GCC_C_LANGUAGE_STANDARD = gnu99;
				GCC_DYNAMIC_NO_PIC = NO;
				GCC_NO_COMMON_BLOCKS = YES;
				GCC_OPTIMIZATION_LEVEL = 0;
				GCC_PREPROCESSOR_DEFINITIONS = (
					"DEBUG=1",
					"$(inherited)",
				);
				GCC_SYMBOLS_PRIVATE_EXTERN = NO;
				GCC_WARN_64_TO_32_BIT_CONVERSION = YES;
				GCC_WARN_ABOUT_RETURN_TYPE = YES_ERROR;
				GCC_WARN_UNDECLARED_SELECTOR = YES;
				GCC_WARN_UNINITIALIZED_AUTOS = YES_AGGRESSIVE;
				GCC_WARN_UNUSED_FUNCTION = YES;
				GCC_WARN_UNUSED_VARIABLE = YES;
				MTL_ENABLE_DEBUG_INFO = YES;
				ONLY_ACTIVE_ARCH = YES;
			};
			name = Debug;
		};
		02306CBC1ABFA2DC00C3FD5A /* Release */ = {
			isa = XCBuildConfiguration;
			buildSettings = {
				ALWAYS_SEARCH_USER_PATHS = NO;
				CLANG_CXX_LANGUAGE_STANDARD = "gnu++0x";
				CLANG_CXX_LIBRARY = "libc++";
				CLANG_ENABLE_MODULES = YES;
				CLANG_ENABLE_OBJC_ARC = YES;
				CLANG_WARN_BOOL_CONVERSION = YES;
				CLANG_WARN_CONSTANT_CONVERSION = YES;
				CLANG_WARN_DIRECT_OBJC_ISA_USAGE = YES_ERROR;
				CLANG_WARN_EMPTY_BODY = YES;
				CLANG_WARN_ENUM_CONVERSION = YES;
				CLANG_WARN_INFINITE_RECURSION = YES;
				CLANG_WARN_INT_CONVERSION = YES;
				CLANG_WARN_OBJC_ROOT_CLASS = YES_ERROR;
				CLANG_WARN_SUSPICIOUS_MOVE = YES;
				CLANG_WARN_UNREACHABLE_CODE = YES;
				CLANG_WARN__DUPLICATE_METHOD_MATCH = YES;
				COPY_PHASE_STRIP = YES;
				ENABLE_NS_ASSERTIONS = NO;
				ENABLE_STRICT_OBJC_MSGSEND = YES;
				GCC_C_LANGUAGE_STANDARD = gnu99;
				GCC_NO_COMMON_BLOCKS = YES;
				GCC_WARN_64_TO_32_BIT_CONVERSION = YES;
				GCC_WARN_ABOUT_RETURN_TYPE = YES_ERROR;
				GCC_WARN_UNDECLARED_SELECTOR = YES;
				GCC_WARN_UNINITIALIZED_AUTOS = YES_AGGRESSIVE;
				GCC_WARN_UNUSED_FUNCTION = YES;
				GCC_WARN_UNUSED_VARIABLE = YES;
				MTL_ENABLE_DEBUG_INFO = NO;
			};
			name = Release;
		};
		02306CBE1ABFA2DC00C3FD5A /* Debug */ = {
			isa = XCBuildConfiguration;
			buildSettings = {
				COMBINE_HIDPI_IMAGES = YES;
				DEPLOYMENT_LOCATION = YES;
				DSTROOT = "$(HOME)";
				FRAMEWORK_SEARCH_PATHS = (
					"$(inherited)",
					"$(SYSTEM_APPS_DIR)/Xcode.app/Contents/SharedFrameworks",
					"$(SYSTEM_APPS_DIR)/Xcode.app/Contents/Frameworks",
					"$(SYSTEM_APPS_DIR)/Xcode.app/Contents/OtherFrameworks",
				);
				GCC_PREFIX_HEADER = "JumpMarks/JumpMarks-Prefix.pch";
				INFOPLIST_FILE = JumpMarks/Info.plist;
				INSTALL_PATH = "/Library/Application Support/Developer/Shared/Xcode/Plug-ins";
				MACOSX_DEPLOYMENT_TARGET = 10.10;
				PRODUCT_BUNDLE_IDENTIFIER = "com.mpoon.$(PRODUCT_NAME:rfc1034identifier)";
				PRODUCT_NAME = "$(TARGET_NAME)";
				WRAPPER_EXTENSION = xcplugin;
			};
			name = Debug;
		};
		02306CBF1ABFA2DC00C3FD5A /* Release */ = {
			isa = XCBuildConfiguration;
			buildSettings = {
				COMBINE_HIDPI_IMAGES = YES;
				DEPLOYMENT_LOCATION = YES;
				DSTROOT = "$(HOME)";
				FRAMEWORK_SEARCH_PATHS = (
					"$(inherited)",
					"$(SYSTEM_APPS_DIR)/Xcode.app/Contents/SharedFrameworks",
					"$(SYSTEM_APPS_DIR)/Xcode.app/Contents/Frameworks",
					"$(SYSTEM_APPS_DIR)/Xcode.app/Contents/OtherFrameworks",
				);
				GCC_PREFIX_HEADER = "JumpMarks/JumpMarks-Prefix.pch";
				INFOPLIST_FILE = JumpMarks/Info.plist;
				INSTALL_PATH = "/Library/Application Support/Developer/Shared/Xcode/Plug-ins";
				MACOSX_DEPLOYMENT_TARGET = 10.10;
				PRODUCT_BUNDLE_IDENTIFIER = "com.mpoon.$(PRODUCT_NAME:rfc1034identifier)";
				PRODUCT_NAME = "$(TARGET_NAME)";
				WRAPPER_EXTENSION = xcplugin;
			};
			name = Release;
		};
		02B54CE11B5CDFB800488A78 /* Debug */ = {
			isa = XCBuildConfiguration;
			buildSettings = {
				COMBINE_HIDPI_IMAGES = YES;
				DEBUG_INFORMATION_FORMAT = dwarf;
				FRAMEWORK_SEARCH_PATHS = (
					"$(DEVELOPER_FRAMEWORKS_DIR)",
					"$(inherited)",
					"$(PROJECT_DIR)/Carthage/Build/Mac",
				);
				GCC_NO_COMMON_BLOCKS = YES;
				GCC_PREPROCESSOR_DEFINITIONS = (
					"DEBUG=1",
					"$(inherited)",
				);
				INFOPLIST_FILE = JumpMarksTest/Info.plist;
				LD_RUNPATH_SEARCH_PATHS = "$(inherited) @executable_path/../Frameworks @loader_path/../Frameworks";
				MACOSX_DEPLOYMENT_TARGET = 10.10;
				PRODUCT_BUNDLE_IDENTIFIER = "com.mpoon.$(PRODUCT_NAME:rfc1034identifier)";
				PRODUCT_NAME = "$(TARGET_NAME)";
				SDKROOT = macosx;
			};
			name = Debug;
		};
		02B54CE21B5CDFB800488A78 /* Release */ = {
			isa = XCBuildConfiguration;
			buildSettings = {
				COMBINE_HIDPI_IMAGES = YES;
				COPY_PHASE_STRIP = NO;
				DEBUG_INFORMATION_FORMAT = "dwarf-with-dsym";
				FRAMEWORK_SEARCH_PATHS = (
					"$(DEVELOPER_FRAMEWORKS_DIR)",
					"$(inherited)",
					"$(PROJECT_DIR)/Carthage/Build/Mac",
				);
				GCC_NO_COMMON_BLOCKS = YES;
				INFOPLIST_FILE = JumpMarksTest/Info.plist;
				LD_RUNPATH_SEARCH_PATHS = "$(inherited) @executable_path/../Frameworks @loader_path/../Frameworks";
				MACOSX_DEPLOYMENT_TARGET = 10.10;
				PRODUCT_BUNDLE_IDENTIFIER = "com.mpoon.$(PRODUCT_NAME:rfc1034identifier)";
				PRODUCT_NAME = "$(TARGET_NAME)";
				SDKROOT = macosx;
			};
			name = Release;
		};
/* End XCBuildConfiguration section */

/* Begin XCConfigurationList section */
		02306CA71ABFA2DC00C3FD5A /* Build configuration list for PBXProject "JumpMarks" */ = {
			isa = XCConfigurationList;
			buildConfigurations = (
				02306CBB1ABFA2DC00C3FD5A /* Debug */,
				02306CBC1ABFA2DC00C3FD5A /* Release */,
			);
			defaultConfigurationIsVisible = 0;
			defaultConfigurationName = Release;
		};
		02306CBD1ABFA2DC00C3FD5A /* Build configuration list for PBXNativeTarget "JumpMarks" */ = {
			isa = XCConfigurationList;
			buildConfigurations = (
				02306CBE1ABFA2DC00C3FD5A /* Debug */,
				02306CBF1ABFA2DC00C3FD5A /* Release */,
			);
			defaultConfigurationIsVisible = 0;
			defaultConfigurationName = Release;
		};
		02B54CE31B5CDFB800488A78 /* Build configuration list for PBXNativeTarget "JumpMarksTest" */ = {
			isa = XCConfigurationList;
			buildConfigurations = (
				02B54CE11B5CDFB800488A78 /* Debug */,
				02B54CE21B5CDFB800488A78 /* Release */,
			);
			defaultConfigurationIsVisible = 0;
			defaultConfigurationName = Release;
		};
/* End XCConfigurationList section */
	};
	rootObject = 02306CA41ABFA2DC00C3FD5A /* Project object */;
}
